// !$*UTF8*$!
{
	archiveVersion = 1;
	classes = {
	};
	objectVersion = 48;
	objects = {

/* Begin PBXBuildFile section */
		4582D8371FFB324F00B85FC5 /* AppDelegate.m in Sources */ = {isa = PBXBuildFile; fileRef = 4582D8361FFB324F00B85FC5 /* AppDelegate.m */; };
		4582D83A1FFB324F00B85FC5 /* ViewController.m in Sources */ = {isa = PBXBuildFile; fileRef = 4582D8391FFB324F00B85FC5 /* ViewController.m */; };
		4582D83D1FFB324F00B85FC5 /* Main.storyboard in Resources */ = {isa = PBXBuildFile; fileRef = 4582D83B1FFB324F00B85FC5 /* Main.storyboard */; };
		4582D83F1FFB324F00B85FC5 /* Assets.xcassets in Resources */ = {isa = PBXBuildFile; fileRef = 4582D83E1FFB324F00B85FC5 /* Assets.xcassets */; };
		4582D8421FFB324F00B85FC5 /* LaunchScreen.storyboard in Resources */ = {isa = PBXBuildFile; fileRef = 4582D8401FFB324F00B85FC5 /* LaunchScreen.storyboard */; };
		4582D8451FFB324F00B85FC5 /* main.m in Sources */ = {isa = PBXBuildFile; fileRef = 4582D8441FFB324F00B85FC5 /* main.m */; };
		4582D84F1FFB324F00B85FC5 /* FBYBankCardRecognition_iOSTests.m in Sources */ = {isa = PBXBuildFile; fileRef = 4582D84E1FFB324F00B85FC5 /* FBYBankCardRecognition_iOSTests.m */; };
		4582D85A1FFB324F00B85FC5 /* FBYBankCardRecognition_iOSUITests.m in Sources */ = {isa = PBXBuildFile; fileRef = 4582D8591FFB324F00B85FC5 /* FBYBankCardRecognition_iOSUITests.m */; };
/* End PBXBuildFile section */

/* Begin PBXContainerItemProxy section */
		4582D84B1FFB324F00B85FC5 /* PBXContainerItemProxy */ = {
			isa = PBXContainerItemProxy;
			containerPortal = 4582D82A1FFB324E00B85FC5 /* Project object */;
			proxyType = 1;
			remoteGlobalIDString = 4582D8311FFB324E00B85FC5;
			remoteInfo = "FBYBankCardRecognition-iOS";
		};
		4582D8561FFB324F00B85FC5 /* PBXContainerItemProxy */ = {
			isa = PBXContainerItemProxy;
			containerPortal = 4582D82A1FFB324E00B85FC5 /* Project object */;
			proxyType = 1;
			remoteGlobalIDString = 4582D8311FFB324E00B85FC5;
			remoteInfo = "FBYBankCardRecognition-iOS";
		};
/* End PBXContainerItemProxy section */

/* Begin PBXFileReference section */
		4582D8321FFB324F00B85FC5 /* FBYBankCardRecognition-iOS.app */ = {isa = PBXFileReference; explicitFileType = wrapper.application; includeInIndex = 0; path = "FBYBankCardRecognition-iOS.app"; sourceTree = BUILT_PRODUCTS_DIR; };
		4582D8351FFB324F00B85FC5 /* AppDelegate.h */ = {isa = PBXFileReference; lastKnownFileType = sourcecode.c.h; path = AppDelegate.h; sourceTree = "<group>"; };
		4582D8361FFB324F00B85FC5 /* AppDelegate.m */ = {isa = PBXFileReference; lastKnownFileType = sourcecode.c.objc; path = AppDelegate.m; sourceTree = "<group>"; };
		4582D8381FFB324F00B85FC5 /* ViewController.h */ = {isa = PBXFileReference; lastKnownFileType = sourcecode.c.h; path = ViewController.h; sourceTree = "<group>"; };
		4582D8391FFB324F00B85FC5 /* ViewController.m */ = {isa = PBXFileReference; lastKnownFileType = sourcecode.c.objc; path = ViewController.m; sourceTree = "<group>"; };
		4582D83C1FFB324F00B85FC5 /* Base */ = {isa = PBXFileReference; lastKnownFileType = file.storyboard; name = Base; path = Base.lproj/Main.storyboard; sourceTree = "<group>"; };
		4582D83E1FFB324F00B85FC5 /* Assets.xcassets */ = {isa = PBXFileReference; lastKnownFileType = folder.assetcatalog; path = Assets.xcassets; sourceTree = "<group>"; };
		4582D8411FFB324F00B85FC5 /* Base */ = {isa = PBXFileReference; lastKnownFileType = file.storyboard; name = Base; path = Base.lproj/LaunchScreen.storyboard; sourceTree = "<group>"; };
		4582D8431FFB324F00B85FC5 /* Info.plist */ = {isa = PBXFileReference; lastKnownFileType = text.plist.xml; path = Info.plist; sourceTree = "<group>"; };
		4582D8441FFB324F00B85FC5 /* main.m */ = {isa = PBXFileReference; lastKnownFileType = sourcecode.c.objc; path = main.m; sourceTree = "<group>"; };
		4582D84A1FFB324F00B85FC5 /* FBYBankCardRecognition-iOSTests.xctest */ = {isa = PBXFileReference; explicitFileType = wrapper.cfbundle; includeInIndex = 0; path = "FBYBankCardRecognition-iOSTests.xctest"; sourceTree = BUILT_PRODUCTS_DIR; };
		4582D84E1FFB324F00B85FC5 /* FBYBankCardRecognition_iOSTests.m */ = {isa = PBXFileReference; lastKnownFileType = sourcecode.c.objc; path = FBYBankCardRecognition_iOSTests.m; sourceTree = "<group>"; };
		4582D8501FFB324F00B85FC5 /* Info.plist */ = {isa = PBXFileReference; lastKnownFileType = text.plist.xml; path = Info.plist; sourceTree = "<group>"; };
		4582D8551FFB324F00B85FC5 /* FBYBankCardRecognition-iOSUITests.xctest */ = {isa = PBXFileReference; explicitFileType = wrapper.cfbundle; includeInIndex = 0; path = "FBYBankCardRecognition-iOSUITests.xctest"; sourceTree = BUILT_PRODUCTS_DIR; };
		4582D8591FFB324F00B85FC5 /* FBYBankCardRecognition_iOSUITests.m */ = {isa = PBXFileReference; lastKnownFileType = sourcecode.c.objc; path = FBYBankCardRecognition_iOSUITests.m; sourceTree = "<group>"; };
		4582D85B1FFB324F00B85FC5 /* Info.plist */ = {isa = PBXFileReference; lastKnownFileType = text.plist.xml; path = Info.plist; sourceTree = "<group>"; };
/* End PBXFileReference section */

/* Begin PBXFrameworksBuildPhase section */
		4582D82F1FFB324E00B85FC5 /* Frameworks */ = {
			isa = PBXFrameworksBuildPhase;
			buildActionMask = 2147483647;
			files = (
			);
			runOnlyForDeploymentPostprocessing = 0;
		};
		4582D8471FFB324F00B85FC5 /* Frameworks */ = {
			isa = PBXFrameworksBuildPhase;
			buildActionMask = 2147483647;
			files = (
			);
			runOnlyForDeploymentPostprocessing = 0;
		};
		4582D8521FFB324F00B85FC5 /* Frameworks */ = {
			isa = PBXFrameworksBuildPhase;
			buildActionMask = 2147483647;
			files = (
			);
			runOnlyForDeploymentPostprocessing = 0;
		};
/* End PBXFrameworksBuildPhase section */

/* Begin PBXGroup section */
		4582D8291FFB324E00B85FC5 = {
			isa = PBXGroup;
			children = (
				4582D8341FFB324F00B85FC5 /* FBYBankCardRecognition-iOS */,
				4582D84D1FFB324F00B85FC5 /* FBYBankCardRecognition-iOSTests */,
				4582D8581FFB324F00B85FC5 /* FBYBankCardRecognition-iOSUITests */,
				4582D8331FFB324F00B85FC5 /* Products */,
			);
			sourceTree = "<group>";
		};
		4582D8331FFB324F00B85FC5 /* Products */ = {
			isa = PBXGroup;
			children = (
				4582D8321FFB324F00B85FC5 /* FBYBankCardRecognition-iOS.app */,
				4582D84A1FFB324F00B85FC5 /* FBYBankCardRecognition-iOSTests.xctest */,
				4582D8551FFB324F00B85FC5 /* FBYBankCardRecognition-iOSUITests.xctest */,
			);
			name = Products;
			sourceTree = "<group>";
		};
		4582D8341FFB324F00B85FC5 /* FBYBankCardRecognition-iOS */ = {
			isa = PBXGroup;
			children = (
				4582D8351FFB324F00B85FC5 /* AppDelegate.h */,
				4582D8361FFB324F00B85FC5 /* AppDelegate.m */,
				4582D8381FFB324F00B85FC5 /* ViewController.h */,
				4582D8391FFB324F00B85FC5 /* ViewController.m */,
				4582D83B1FFB324F00B85FC5 /* Main.storyboard */,
				4582D83E1FFB324F00B85FC5 /* Assets.xcassets */,
				4582D8401FFB324F00B85FC5 /* LaunchScreen.storyboard */,
				4582D8431FFB324F00B85FC5 /* Info.plist */,
				4582D8441FFB324F00B85FC5 /* main.m */,
			);
			path = "FBYBankCardRecognition-iOS";
			sourceTree = "<group>";
		};
		4582D84D1FFB324F00B85FC5 /* FBYBankCardRecognition-iOSTests */ = {
			isa = PBXGroup;
			children = (
				4582D84E1FFB324F00B85FC5 /* FBYBankCardRecognition_iOSTests.m */,
				4582D8501FFB324F00B85FC5 /* Info.plist */,
			);
			path = "FBYBankCardRecognition-iOSTests";
			sourceTree = "<group>";
		};
		4582D8581FFB324F00B85FC5 /* FBYBankCardRecognition-iOSUITests */ = {
			isa = PBXGroup;
			children = (
				4582D8591FFB324F00B85FC5 /* FBYBankCardRecognition_iOSUITests.m */,
				4582D85B1FFB324F00B85FC5 /* Info.plist */,
			);
			path = "FBYBankCardRecognition-iOSUITests";
			sourceTree = "<group>";
		};
/* End PBXGroup section */

/* Begin PBXNativeTarget section */
		4582D8311FFB324E00B85FC5 /* FBYBankCardRecognition-iOS */ = {
			isa = PBXNativeTarget;
			buildConfigurationList = 4582D85E1FFB324F00B85FC5 /* Build configuration list for PBXNativeTarget "FBYBankCardRecognition-iOS" */;
			buildPhases = (
				4582D82E1FFB324E00B85FC5 /* Sources */,
				4582D82F1FFB324E00B85FC5 /* Frameworks */,
				4582D8301FFB324E00B85FC5 /* Resources */,
			);
			buildRules = (
			);
			dependencies = (
			);
			name = "FBYBankCardRecognition-iOS";
			productName = "FBYBankCardRecognition-iOS";
			productReference = 4582D8321FFB324F00B85FC5 /* FBYBankCardRecognition-iOS.app */;
			productType = "com.apple.product-type.application";
		};
		4582D8491FFB324F00B85FC5 /* FBYBankCardRecognition-iOSTests */ = {
			isa = PBXNativeTarget;
			buildConfigurationList = 4582D8611FFB324F00B85FC5 /* Build configuration list for PBXNativeTarget "FBYBankCardRecognition-iOSTests" */;
			buildPhases = (
				4582D8461FFB324F00B85FC5 /* Sources */,
				4582D8471FFB324F00B85FC5 /* Frameworks */,
				4582D8481FFB324F00B85FC5 /* Resources */,
			);
			buildRules = (
			);
			dependencies = (
				4582D84C1FFB324F00B85FC5 /* PBXTargetDependency */,
			);
			name = "FBYBankCardRecognition-iOSTests";
			productName = "FBYBankCardRecognition-iOSTests";
			productReference = 4582D84A1FFB324F00B85FC5 /* FBYBankCardRecognition-iOSTests.xctest */;
			productType = "com.apple.product-type.bundle.unit-test";
		};
		4582D8541FFB324F00B85FC5 /* FBYBankCardRecognition-iOSUITests */ = {
			isa = PBXNativeTarget;
			buildConfigurationList = 4582D8641FFB324F00B85FC5 /* Build configuration list for PBXNativeTarget "FBYBankCardRecognition-iOSUITests" */;
			buildPhases = (
				4582D8511FFB324F00B85FC5 /* Sources */,
				4582D8521FFB324F00B85FC5 /* Frameworks */,
				4582D8531FFB324F00B85FC5 /* Resources */,
			);
			buildRules = (
			);
			dependencies = (
				4582D8571FFB324F00B85FC5 /* PBXTargetDependency */,
			);
			name = "FBYBankCardRecognition-iOSUITests";
			productName = "FBYBankCardRecognition-iOSUITests";
			productReference = 4582D8551FFB324F00B85FC5 /* FBYBankCardRecognition-iOSUITests.xctest */;
			productType = "com.apple.product-type.bundle.ui-testing";
		};
/* End PBXNativeTarget section */

/* Begin PBXProject section */
		4582D82A1FFB324E00B85FC5 /* Project object */ = {
			isa = PBXProject;
			attributes = {
				LastUpgradeCheck = 0910;
				ORGANIZATIONNAME = "FBYIDCardRecognition-iOS";
				TargetAttributes = {
					4582D8311FFB324E00B85FC5 = {
						CreatedOnToolsVersion = 9.1;
						ProvisioningStyle = Automatic;
					};
					4582D8491FFB324F00B85FC5 = {
						CreatedOnToolsVersion = 9.1;
						ProvisioningStyle = Automatic;
						TestTargetID = 4582D8311FFB324E00B85FC5;
					};
					4582D8541FFB324F00B85FC5 = {
						CreatedOnToolsVersion = 9.1;
						ProvisioningStyle = Automatic;
						TestTargetID = 4582D8311FFB324E00B85FC5;
					};
				};
			};
			buildConfigurationList = 4582D82D1FFB324E00B85FC5 /* Build configuration list for PBXProject "FBYBankCardRecognition-iOS" */;
			compatibilityVersion = "Xcode 8.0";
			developmentRegion = en;
			hasScannedForEncodings = 0;
			knownRegions = (
				en,
				Base,
			);
			mainGroup = 4582D8291FFB324E00B85FC5;
			productRefGroup = 4582D8331FFB324F00B85FC5 /* Products */;
			projectDirPath = "";
			projectRoot = "";
			targets = (
				4582D8311FFB324E00B85FC5 /* FBYBankCardRecognition-iOS */,
				4582D8491FFB324F00B85FC5 /* FBYBankCardRecognition-iOSTests */,
				4582D8541FFB324F00B85FC5 /* FBYBankCardRecognition-iOSUITests */,
			);
		};
/* End PBXProject section */

/* Begin PBXResourcesBuildPhase section */
		4582D8301FFB324E00B85FC5 /* Resources */ = {
			isa = PBXResourcesBuildPhase;
			buildActionMask = 2147483647;
			files = (
				4582D8421FFB324F00B85FC5 /* LaunchScreen.storyboard in Resources */,
				4582D83F1FFB324F00B85FC5 /* Assets.xcassets in Resources */,
				4582D83D1FFB324F00B85FC5 /* Main.storyboard in Resources */,
			);
			runOnlyForDeploymentPostprocessing = 0;
		};
		4582D8481FFB324F00B85FC5 /* Resources */ = {
			isa = PBXResourcesBuildPhase;
			buildActionMask = 2147483647;
			files = (
			);
			runOnlyForDeploymentPostprocessing = 0;
		};
		4582D8531FFB324F00B85FC5 /* Resources */ = {
			isa = PBXResourcesBuildPhase;
			buildActionMask = 2147483647;
			files = (
			);
			runOnlyForDeploymentPostprocessing = 0;
		};
/* End PBXResourcesBuildPhase section */

/* Begin PBXSourcesBuildPhase section */
		4582D82E1FFB324E00B85FC5 /* Sources */ = {
			isa = PBXSourcesBuildPhase;
			buildActionMask = 2147483647;
			files = (
				4582D83A1FFB324F00B85FC5 /* ViewController.m in Sources */,
				4582D8451FFB324F00B85FC5 /* main.m in Sources */,
				4582D8371FFB324F00B85FC5 /* AppDelegate.m in Sources */,
			);
			runOnlyForDeploymentPostprocessing = 0;
		};
		4582D8461FFB324F00B85FC5 /* Sources */ = {
			isa = PBXSourcesBuildPhase;
			buildActionMask = 2147483647;
			files = (
				4582D84F1FFB324F00B85FC5 /* FBYBankCardRecognition_iOSTests.m in Sources */,
			);
			runOnlyForDeploymentPostprocessing = 0;
		};
		4582D8511FFB324F00B85FC5 /* Sources */ = {
			isa = PBXSourcesBuildPhase;
			buildActionMask = 2147483647;
			files = (
				4582D85A1FFB324F00B85FC5 /* FBYBankCardRecognition_iOSUITests.m in Sources */,
			);
			runOnlyForDeploymentPostprocessing = 0;
		};
/* End PBXSourcesBuildPhase section */

/* Begin PBXTargetDependency section */
		4582D84C1FFB324F00B85FC5 /* PBXTargetDependency */ = {
			isa = PBXTargetDependency;
			target = 4582D8311FFB324E00B85FC5 /* FBYBankCardRecognition-iOS */;
			targetProxy = 4582D84B1FFB324F00B85FC5 /* PBXContainerItemProxy */;
		};
		4582D8571FFB324F00B85FC5 /* PBXTargetDependency */ = {
			isa = PBXTargetDependency;
			target = 4582D8311FFB324E00B85FC5 /* FBYBankCardRecognition-iOS */;
			targetProxy = 4582D8561FFB324F00B85FC5 /* PBXContainerItemProxy */;
		};
/* End PBXTargetDependency section */

/* Begin PBXVariantGroup section */
		4582D83B1FFB324F00B85FC5 /* Main.storyboard */ = {
			isa = PBXVariantGroup;
			children = (
				4582D83C1FFB324F00B85FC5 /* Base */,
			);
			name = Main.storyboard;
			sourceTree = "<group>";
		};
		4582D8401FFB324F00B85FC5 /* LaunchScreen.storyboard */ = {
			isa = PBXVariantGroup;
			children = (
				4582D8411FFB324F00B85FC5 /* Base */,
			);
			name = LaunchScreen.storyboard;
			sourceTree = "<group>";
		};
/* End PBXVariantGroup section */

/* Begin XCBuildConfiguration section */
		4582D85C1FFB324F00B85FC5 /* Debug */ = {
			isa = XCBuildConfiguration;
			buildSettings = {
				ALWAYS_SEARCH_USER_PATHS = NO;
				CLANG_ANALYZER_NONNULL = YES;
				CLANG_ANALYZER_NUMBER_OBJECT_CONVERSION = YES_AGGRESSIVE;
				CLANG_CXX_LANGUAGE_STANDARD = "gnu++14";
				CLANG_CXX_LIBRARY = "libc++";
				CLANG_ENABLE_MODULES = YES;
				CLANG_ENABLE_OBJC_ARC = YES;
				CLANG_WARN_BLOCK_CAPTURE_AUTORELEASING = YES;
				CLANG_WARN_BOOL_CONVERSION = YES;
				CLANG_WARN_COMMA = YES;
				CLANG_WARN_CONSTANT_CONVERSION = YES;
				CLANG_WARN_DIRECT_OBJC_ISA_USAGE = YES_ERROR;
				CLANG_WARN_DOCUMENTATION_COMMENTS = YES;
				CLANG_WARN_EMPTY_BODY = YES;
				CLANG_WARN_ENUM_CONVERSION = YES;
				CLANG_WARN_INFINITE_RECURSION = YES;
				CLANG_WARN_INT_CONVERSION = YES;
				CLANG_WARN_NON_LITERAL_NULL_CONVERSION = YES;
				CLANG_WARN_OBJC_LITERAL_CONVERSION = YES;
				CLANG_WARN_OBJC_ROOT_CLASS = YES_ERROR;
				CLANG_WARN_RANGE_LOOP_ANALYSIS = YES;
				CLANG_WARN_STRICT_PROTOTYPES = YES;
				CLANG_WARN_SUSPICIOUS_MOVE = YES;
				CLANG_WARN_UNGUARDED_AVAILABILITY = YES_AGGRESSIVE;
				CLANG_WARN_UNREACHABLE_CODE = YES;
				CLANG_WARN__DUPLICATE_METHOD_MATCH = YES;
				CODE_SIGN_IDENTITY = "iPhone Developer";
				COPY_PHASE_STRIP = NO;
				DEBUG_INFORMATION_FORMAT = dwarf;
				ENABLE_STRICT_OBJC_MSGSEND = YES;
				ENABLE_TESTABILITY = YES;
				GCC_C_LANGUAGE_STANDARD = gnu11;
				GCC_DYNAMIC_NO_PIC = NO;
				GCC_NO_COMMON_BLOCKS = YES;
				GCC_OPTIMIZATION_LEVEL = 0;
				GCC_PREPROCESSOR_DEFINITIONS = (
					"DEBUG=1",
					"$(inherited)",
				);
				GCC_WARN_64_TO_32_BIT_CONVERSION = YES;
				GCC_WARN_ABOUT_RETURN_TYPE = YES_ERROR;
				GCC_WARN_UNDECLARED_SELECTOR = YES;
				GCC_WARN_UNINITIALIZED_AUTOS = YES_AGGRESSIVE;
				GCC_WARN_UNUSED_FUNCTION = YES;
				GCC_WARN_UNUSED_VARIABLE = YES;
				IPHONEOS_DEPLOYMENT_TARGET = 11.1;
				MTL_ENABLE_DEBUG_INFO = YES;
				ONLY_ACTIVE_ARCH = YES;
				SDKROOT = iphoneos;
			};
			name = Debug;
		};
		4582D85D1FFB324F00B85FC5 /* Release */ = {
			isa = XCBuildConfiguration;
			buildSettings = {
				ALWAYS_SEARCH_USER_PATHS = NO;
				CLANG_ANALYZER_NONNULL = YES;
				CLANG_ANALYZER_NUMBER_OBJECT_CONVERSION = YES_AGGRESSIVE;
				CLANG_CXX_LANGUAGE_STANDARD = "gnu++14";
				CLANG_CXX_LIBRARY = "libc++";
				CLANG_ENABLE_MODULES = YES;
				CLANG_ENABLE_OBJC_ARC = YES;
				CLANG_WARN_BLOCK_CAPTURE_AUTORELEASING = YES;
				CLANG_WARN_BOOL_CONVERSION = YES;
				CLANG_WARN_COMMA = YES;
				CLANG_WARN_CONSTANT_CONVERSION = YES;
				CLANG_WARN_DIRECT_OBJC_ISA_USAGE = YES_ERROR;
				CLANG_WARN_DOCUMENTATION_COMMENTS = YES;
				CLANG_WARN_EMPTY_BODY = YES;
				CLANG_WARN_ENUM_CONVERSION = YES;
				CLANG_WARN_INFINITE_RECURSION = YES;
				CLANG_WARN_INT_CONVERSION = YES;
				CLANG_WARN_NON_LITERAL_NULL_CONVERSION = YES;
				CLANG_WARN_OBJC_LITERAL_CONVERSION = YES;
				CLANG_WARN_OBJC_ROOT_CLASS = YES_ERROR;
				CLANG_WARN_RANGE_LOOP_ANALYSIS = YES;
				CLANG_WARN_STRICT_PROTOTYPES = YES;
				CLANG_WARN_SUSPICIOUS_MOVE = YES;
				CLANG_WARN_UNGUARDED_AVAILABILITY = YES_AGGRESSIVE;
				CLANG_WARN_UNREACHABLE_CODE = YES;
				CLANG_WARN__DUPLICATE_METHOD_MATCH = YES;
				CODE_SIGN_IDENTITY = "iPhone Developer";
				COPY_PHASE_STRIP = NO;
				DEBUG_INFORMATION_FORMAT = "dwarf-with-dsym";
				ENABLE_NS_ASSERTIONS = NO;
				ENABLE_STRICT_OBJC_MSGSEND = YES;
				GCC_C_LANGUAGE_STANDARD = gnu11;
				GCC_NO_COMMON_BLOCKS = YES;
				GCC_WARN_64_TO_32_BIT_CONVERSION = YES;
				GCC_WARN_ABOUT_RETURN_TYPE = YES_ERROR;
				GCC_WARN_UNDECLARED_SELECTOR = YES;
				GCC_WARN_UNINITIALIZED_AUTOS = YES_AGGRESSIVE;
				GCC_WARN_UNUSED_FUNCTION = YES;
				GCC_WARN_UNUSED_VARIABLE = YES;
				IPHONEOS_DEPLOYMENT_TARGET = 11.1;
				MTL_ENABLE_DEBUG_INFO = NO;
				SDKROOT = iphoneos;
				VALIDATE_PRODUCT = YES;
			};
			name = Release;
		};
		4582D85F1FFB324F00B85FC5 /* Debug */ = {
			isa = XCBuildConfiguration;
			buildSettings = {
				ASSETCATALOG_COMPILER_APPICON_NAME = AppIcon;
				CODE_SIGN_STYLE = Automatic;
				DEVELOPMENT_TEAM = 8ZQEMVF63J;
				INFOPLIST_FILE = "FBYBankCardRecognition-iOS/Info.plist";
				LD_RUNPATH_SEARCH_PATHS = "$(inherited) @executable_path/Frameworks";
				PRODUCT_BUNDLE_IDENTIFIER = "com.FBYBankCardRecognition-iOS.a.FBYBankCardRecognition-iOS";
				PRODUCT_NAME = "$(TARGET_NAME)";
				TARGETED_DEVICE_FAMILY = "1,2";
			};
			name = Debug;
		};
		4582D8601FFB324F00B85FC5 /* Release */ = {
			isa = XCBuildConfiguration;
			buildSettings = {
				ASSETCATALOG_COMPILER_APPICON_NAME = AppIcon;
				CODE_SIGN_STYLE = Automatic;
				DEVELOPMENT_TEAM = 8ZQEMVF63J;
				INFOPLIST_FILE = "FBYBankCardRecognition-iOS/Info.plist";
				LD_RUNPATH_SEARCH_PATHS = "$(inherited) @executable_path/Frameworks";
				PRODUCT_BUNDLE_IDENTIFIER = "com.FBYBankCardRecognition-iOS.a.FBYBankCardRecognition-iOS";
				PRODUCT_NAME = "$(TARGET_NAME)";
				TARGETED_DEVICE_FAMILY = "1,2";
			};
			name = Release;
		};
		4582D8621FFB324F00B85FC5 /* Debug */ = {
			isa = XCBuildConfiguration;
			buildSettings = {
				BUNDLE_LOADER = "$(TEST_HOST)";
				CODE_SIGN_STYLE = Automatic;
				DEVELOPMENT_TEAM = 8ZQEMVF63J;
				INFOPLIST_FILE = "FBYBankCardRecognition-iOSTests/Info.plist";
				LD_RUNPATH_SEARCH_PATHS = "$(inherited) @executable_path/Frameworks @loader_path/Frameworks";
				PRODUCT_BUNDLE_IDENTIFIER = "com.FBYBankCardRecognition-iOS.a.FBYBankCardRecognition-iOSTests";
				PRODUCT_NAME = "$(TARGET_NAME)";
				TARGETED_DEVICE_FAMILY = "1,2";
				TEST_HOST = "$(BUILT_PRODUCTS_DIR)/FBYBankCardRecognition-iOS.app/FBYBankCardRecognition-iOS";
			};
			name = Debug;
		};
		4582D8631FFB324F00B85FC5 /* Release */ = {
			isa = XCBuildConfiguration;
			buildSettings = {
				BUNDLE_LOADER = "$(TEST_HOST)";
				CODE_SIGN_STYLE = Automatic;
				DEVELOPMENT_TEAM = 8ZQEMVF63J;
				INFOPLIST_FILE = "FBYBankCardRecognition-iOSTests/Info.plist";
				LD_RUNPATH_SEARCH_PATHS = "$(inherited) @executable_path/Frameworks @loader_path/Frameworks";
				PRODUCT_BUNDLE_IDENTIFIER = "com.FBYBankCardRecognition-iOS.a.FBYBankCardRecognition-iOSTests";
				PRODUCT_NAME = "$(TARGET_NAME)";
				TARGETED_DEVICE_FAMILY = "1,2";
				TEST_HOST = "$(BUILT_PRODUCTS_DIR)/FBYBankCardRecognition-iOS.app/FBYBankCardRecognition-iOS";
			};
			name = Release;
		};
		4582D8651FFB324F00B85FC5 /* Debug */ = {
			isa = XCBuildConfiguration;
			buildSettings = {
				CODE_SIGN_STYLE = Automatic;
				DEVELOPMENT_TEAM = 8ZQEMVF63J;
				INFOPLIST_FILE = "FBYBankCardRecognition-iOSUITests/Info.plist";
				LD_RUNPATH_SEARCH_PATHS = "$(inherited) @executable_path/Frameworks @loader_path/Frameworks";
				PRODUCT_BUNDLE_IDENTIFIER = "com.FBYBankCardRecognition-iOS.a.FBYBankCardRecognition-iOSUITests";
				PRODUCT_NAME = "$(TARGET_NAME)";
				TARGETED_DEVICE_FAMILY = "1,2";
				TEST_TARGET_NAME = "FBYBankCardRecognition-iOS";
			};
			name = Debug;
		};
		4582D8661FFB324F00B85FC5 /* Release */ = {
			isa = XCBuildConfiguration;
			buildSettings = {
				CODE_SIGN_STYLE = Automatic;
				DEVELOPMENT_TEAM = 8ZQEMVF63J;
				INFOPLIST_FILE = "FBYBankCardRecognition-iOSUITests/Info.plist";
				LD_RUNPATH_SEARCH_PATHS = "$(inherited) @executable_path/Frameworks @loader_path/Frameworks";
				PRODUCT_BUNDLE_IDENTIFIER = "com.FBYBankCardRecognition-iOS.a.FBYBankCardRecognition-iOSUITests";
				PRODUCT_NAME = "$(TARGET_NAME)";
				TARGETED_DEVICE_FAMILY = "1,2";
				TEST_TARGET_NAME = "FBYBankCardRecognition-iOS";
			};
			name = Release;
		};
/* End XCBuildConfiguration section */

/* Begin XCConfigurationList section */
		4582D82D1FFB324E00B85FC5 /* Build configuration list for PBXProject "FBYBankCardRecognition-iOS" */ = {
			isa = XCConfigurationList;
			buildConfigurations = (
				4582D85C1FFB324F00B85FC5 /* Debug */,
				4582D85D1FFB324F00B85FC5 /* Release */,
			);
			defaultConfigurationIsVisible = 0;
			defaultConfigurationName = Release;
		};
		4582D85E1FFB324F00B85FC5 /* Build configuration list for PBXNativeTarget "FBYBankCardRecognition-iOS" */ = {
			isa = XCConfigurationList;
			buildConfigurations = (
				4582D85F1FFB324F00B85FC5 /* Debug */,
				4582D8601FFB324F00B85FC5 /* Release */,
			);
			defaultConfigurationIsVisible = 0;
			defaultConfigurationName = Release;
		};
		4582D8611FFB324F00B85FC5 /* Build configuration list for PBXNativeTarget "FBYBankCardRecognition-iOSTests" */ = {
			isa = XCConfigurationList;
			buildConfigurations = (
				4582D8621FFB324F00B85FC5 /* Debug */,
				4582D8631FFB324F00B85FC5 /* Release */,
			);
			defaultConfigurationIsVisible = 0;
			defaultConfigurationName = Release;
		};
		4582D8641FFB324F00B85FC5 /* Build configuration list for PBXNativeTarget "FBYBankCardRecognition-iOSUITests" */ = {
			isa = XCConfigurationList;
			buildConfigurations = (
				4582D8651FFB324F00B85FC5 /* Debug */,
				4582D8661FFB324F00B85FC5 /* Release */,
			);
			defaultConfigurationIsVisible = 0;
			defaultConfigurationName = Release;
		};
/* End XCConfigurationList section */
	};
	rootObject = 4582D82A1FFB324E00B85FC5 /* Project object */;
}
